
Microsoft Visual Studio Solution File, Format Version 12.00
# Visual Studio Version 17
VisualStudioVersion = 17.5.002.0
MinimumVisualStudioVersion = 10.0.40219.1
Project("{2150E333-8FDC-42A3-9474-1A3956D46DE8}") = "seminars", "seminars", "{F7C638AB-034E-471A-BF78-B8C3618CEFCF}"
EndProject
Project("{9A19103F-16F7-4668-BE54-9A1E7A4F7556}") = "seminar1", "seminars\seminar1\seminar1.csproj", "{2842FCC0-8523-4956-B991-36E5E01E7B59}"
EndProject
Global
	GlobalSection(SolutionConfigurationPlatforms) = preSolution
		Debug|Any CPU = Debug|Any CPU
		Release|Any CPU = Release|Any CPU
	EndGlobalSection
	GlobalSection(ProjectConfigurationPlatforms) = postSolution
		{2842FCC0-8523-4956-B991-36E5E01E7B59}.Debug|Any CPU.ActiveCfg = Debug|Any CPU
		{2842FCC0-8523-4956-B991-36E5E01E7B59}.Debug|Any CPU.Build.0 = Debug|Any CPU
		{2842FCC0-8523-4956-B991-36E5E01E7B59}.Release|Any CPU.ActiveCfg = Release|Any CPU
		{2842FCC0-8523-4956-B991-36E5E01E7B59}.Release|Any CPU.Build.0 = Release|Any CPU
	EndGlobalSection
	GlobalSection(SolutionProperties) = preSolution
		HideSolutionNode = FALSE
	EndGlobalSection
	GlobalSection(NestedProjects) = preSolution
		{2842FCC0-8523-4956-B991-36E5E01E7B59} = {F7C638AB-034E-471A-BF78-B8C3618CEFCF}
	EndGlobalSection
	GlobalSection(ExtensibilityGlobals) = postSolution
		SolutionGuid = {7E74DE1A-2CE5-4C5F-8041-F1880916AA5D}
	EndGlobalSection
EndGlobal
